// !$*UTF8*$!
{
	archiveVersion = 1;
	classes = {
	};
	objectVersion = 48;
	objects = {

/* Begin PBXBuildFile section */
		4466D7391F68D8B8006F470E /* AppDelegate.swift in Sources */ = {isa = PBXBuildFile; fileRef = 4466D7381F68D8B8006F470E /* AppDelegate.swift */; };
		4466D73B1F68D8B8006F470E /* ViewController.swift in Sources */ = {isa = PBXBuildFile; fileRef = 4466D73A1F68D8B8006F470E /* ViewController.swift */; };
		4466D73E1F68D8B8006F470E /* Main.storyboard in Resources */ = {isa = PBXBuildFile; fileRef = 4466D73C1F68D8B8006F470E /* Main.storyboard */; };
		4466D7401F68D8B8006F470E /* Assets.xcassets in Resources */ = {isa = PBXBuildFile; fileRef = 4466D73F1F68D8B8006F470E /* Assets.xcassets */; };
		4466D7431F68D8B8006F470E /* LaunchScreen.storyboard in Resources */ = {isa = PBXBuildFile; fileRef = 4466D7411F68D8B8006F470E /* LaunchScreen.storyboard */; };
/* End PBXBuildFile section */

/* Begin PBXFileReference section */
		4466D7351F68D8B8006F470E /* iOSMeasurementConverter.app */ = {isa = PBXFileReference; explicitFileType = wrapper.application; includeInIndex = 0; path = iOSMeasurementConverter.app; sourceTree = BUILT_PRODUCTS_DIR; };
		4466D7381F68D8B8006F470E /* AppDelegate.swift */ = {isa = PBXFileReference; lastKnownFileType = sourcecode.swift; path = AppDelegate.swift; sourceTree = "<group>"; };
		4466D73A1F68D8B8006F470E /* ViewController.swift */ = {isa = PBXFileReference; lastKnownFileType = sourcecode.swift; path = ViewController.swift; sourceTree = "<group>"; };
		4466D73D1F68D8B8006F470E /* Base */ = {isa = PBXFileReference; lastKnownFileType = file.storyboard; name = Base; path = Base.lproj/Main.storyboard; sourceTree = "<group>"; };
		4466D73F1F68D8B8006F470E /* Assets.xcassets */ = {isa = PBXFileReference; lastKnownFileType = folder.assetcatalog; path = Assets.xcassets; sourceTree = "<group>"; };
		4466D7421F68D8B8006F470E /* Base */ = {isa = PBXFileReference; lastKnownFileType = file.storyboard; name = Base; path = Base.lproj/LaunchScreen.storyboard; sourceTree = "<group>"; };
		4466D7441F68D8B8006F470E /* Info.plist */ = {isa = PBXFileReference; lastKnownFileType = text.plist.xml; path = Info.plist; sourceTree = "<group>"; };
/* End PBXFileReference section */

/* Begin PBXFrameworksBuildPhase section */
		4466D7321F68D8B8006F470E /* Frameworks */ = {
			isa = PBXFrameworksBuildPhase;
			buildActionMask = 2147483647;
			files = (
			);
			runOnlyForDeploymentPostprocessing = 0;
		};
/* End PBXFrameworksBuildPhase section */

/* Begin PBXGroup section */
		4466D72C1F68D8B8006F470E = {
			isa = PBXGroup;
			children = (
				4466D7371F68D8B8006F470E /* iOSMeasurementConverter */,
				4466D7361F68D8B8006F470E /* Products */,
			);
			sourceTree = "<group>";
		};
		4466D7361F68D8B8006F470E /* Products */ = {
			isa = PBXGroup;
			children = (
				4466D7351F68D8B8006F470E /* iOSMeasurementConverter.app */,
			);
			name = Products;
			sourceTree = "<group>";
		};
		4466D7371F68D8B8006F470E /* iOSMeasurementConverter */ = {
			isa = PBXGroup;
			children = (
				4466D7381F68D8B8006F470E /* AppDelegate.swift */,
				4466D73A1F68D8B8006F470E /* ViewController.swift */,
				4466D73C1F68D8B8006F470E /* Main.storyboard */,
				4466D73F1F68D8B8006F470E /* Assets.xcassets */,
				4466D7411F68D8B8006F470E /* LaunchScreen.storyboard */,
				4466D7441F68D8B8006F470E /* Info.plist */,
			);
			path = iOSMeasurementConverter;
			sourceTree = "<group>";
		};
/* End PBXGroup section */

/* Begin PBXNativeTarget section */
		4466D7341F68D8B8006F470E /* iOSMeasurementConverter */ = {
			isa = PBXNativeTarget;
			buildConfigurationList = 4466D7471F68D8B8006F470E /* Build configuration list for PBXNativeTarget "iOSMeasurementConverter" */;
			buildPhases = (
				4466D7311F68D8B8006F470E /* Sources */,
				4466D7321F68D8B8006F470E /* Frameworks */,
				4466D7331F68D8B8006F470E /* Resources */,
			);
			buildRules = (
			);
			dependencies = (
			);
			name = iOSMeasurementConverter;
			productName = iOSMeasurementConverter;
			productReference = 4466D7351F68D8B8006F470E /* iOSMeasurementConverter.app */;
			productType = "com.apple.product-type.application";
		};
/* End PBXNativeTarget section */

/* Begin PBXProject section */
		4466D72D1F68D8B8006F470E /* Project object */ = {
			isa = PBXProject;
			attributes = {
				LastSwiftUpdateCheck = 0900;
				LastUpgradeCheck = 0900;
				ORGANIZATIONNAME = "Sean Winegar";
				TargetAttributes = {
					4466D7341F68D8B8006F470E = {
						CreatedOnToolsVersion = 9.0;
						ProvisioningStyle = Automatic;
					};
				};
			};
			buildConfigurationList = 4466D7301F68D8B8006F470E /* Build configuration list for PBXProject "iOSMeasurementConverter" */;
			compatibilityVersion = "Xcode 8.0";
			developmentRegion = en;
			hasScannedForEncodings = 0;
			knownRegions = (
				en,
				Base,
			);
			mainGroup = 4466D72C1F68D8B8006F470E;
			productRefGroup = 4466D7361F68D8B8006F470E /* Products */;
			projectDirPath = "";
			projectRoot = "";
			targets = (
				4466D7341F68D8B8006F470E /* iOSMeasurementConverter */,
			);
		};
/* End PBXProject section */

/* Begin PBXResourcesBuildPhase section */
		4466D7331F68D8B8006F470E /* Resources */ = {
			isa = PBXResourcesBuildPhase;
			buildActionMask = 2147483647;
			files = (
				4466D7431F68D8B8006F470E /* LaunchScreen.storyboard in Resources */,
				4466D7401F68D8B8006F470E /* Assets.xcassets in Resources */,
				4466D73E1F68D8B8006F470E /* Main.storyboard in Resources */,
			);
			runOnlyForDeploymentPostprocessing = 0;
		};
/* End PBXResourcesBuildPhase section */

/* Begin PBXSourcesBuildPhase section */
		4466D7311F68D8B8006F470E /* Sources */ = {
			isa = PBXSourcesBuildPhase;
			buildActionMask = 2147483647;
			files = (
				4466D73B1F68D8B8006F470E /* ViewController.swift in Sources */,
				4466D7391F68D8B8006F470E /* AppDelegate.swift in Sources */,
			);
			runOnlyForDeploymentPostprocessing = 0;
		};
/* End PBXSourcesBuildPhase section */

/* Begin PBXVariantGroup section */
		4466D73C1F68D8B8006F470E /* Main.storyboard */ = {
			isa = PBXVariantGroup;
			children = (
				4466D73D1F68D8B8006F470E /* Base */,
			);
			name = Main.storyboard;
			sourceTree = "<group>";
		};
		4466D7411F68D8B8006F470E /* LaunchScreen.storyboard */ = {
			isa = PBXVariantGroup;
			children = (
				4466D7421F68D8B8006F470E /* Base */,
			);
			name = LaunchScreen.storyboard;
			sourceTree = "<group>";
		};
/* End PBXVariantGroup section */

/* Begin XCBuildConfiguration section */
		4466D7451F68D8B8006F470E /* Debug */ = {
			isa = XCBuildConfiguration;
			buildSettings = {
				ALWAYS_SEARCH_USER_PATHS = NO;
				CLANG_ANALYZER_NONNULL = YES;
				CLANG_ANALYZER_NUMBER_OBJECT_CONVERSION = YES_AGGRESSIVE;
				CLANG_CXX_LANGUAGE_STANDARD = "gnu++14";
				CLANG_CXX_LIBRARY = "libc++";
				CLANG_ENABLE_MODULES = YES;
				CLANG_ENABLE_OBJC_ARC = YES;
				CLANG_WARN_BLOCK_CAPTURE_AUTORELEASING = YES;
				CLANG_WARN_BOOL_CONVERSION = YES;
				CLANG_WARN_COMMA = YES;
				CLANG_WARN_CONSTANT_CONVERSION = YES;
				CLANG_WARN_DIRECT_OBJC_ISA_USAGE = YES_ERROR;
				CLANG_WARN_DOCUMENTATION_COMMENTS = YES;
				CLANG_WARN_EMPTY_BODY = YES;
				CLANG_WARN_ENUM_CONVERSION = YES;
				CLANG_WARN_INFINITE_RECURSION = YES;
				CLANG_WARN_INT_CONVERSION = YES;
				CLANG_WARN_NON_LITERAL_NULL_CONVERSION = YES;
				CLANG_WARN_OBJC_LITERAL_CONVERSION = YES;
				CLANG_WARN_OBJC_ROOT_CLASS = YES_ERROR;
				CLANG_WARN_RANGE_LOOP_ANALYSIS = YES;
				CLANG_WARN_STRICT_PROTOTYPES = YES;
				CLANG_WARN_SUSPICIOUS_MOVE = YES;
				CLANG_WARN_UNGUARDED_AVAILABILITY = YES_AGGRESSIVE;
				CLANG_WARN_UNREACHABLE_CODE = YES;
				CLANG_WARN__DUPLICATE_METHOD_MATCH = YES;
				CODE_SIGN_IDENTITY = "iPhone Developer";
				COPY_PHASE_STRIP = NO;
				DEBUG_INFORMATION_FORMAT = dwarf;
				ENABLE_STRICT_OBJC_MSGSEND = YES;
				ENABLE_TESTABILITY = YES;
				GCC_C_LANGUAGE_STANDARD = gnu11;
				GCC_DYNAMIC_NO_PIC = NO;
				GCC_NO_COMMON_BLOCKS = YES;
				GCC_OPTIMIZATION_LEVEL = 0;
				GCC_PREPROCESSOR_DEFINITIONS = (
					"DEBUG=1",
					"$(inherited)",
				);
				GCC_WARN_64_TO_32_BIT_CONVERSION = YES;
				GCC_WARN_ABOUT_RETURN_TYPE = YES_ERROR;
				GCC_WARN_UNDECLARED_SELECTOR = YES;
				GCC_WARN_UNINITIALIZED_AUTOS = YES_AGGRESSIVE;
				GCC_WARN_UNUSED_FUNCTION = YES;
				GCC_WARN_UNUSED_VARIABLE = YES;
				IPHONEOS_DEPLOYMENT_TARGET = 11.0;
				MTL_ENABLE_DEBUG_INFO = YES;
				ONLY_ACTIVE_ARCH = YES;
				SDKROOT = iphoneos;
				SWIFT_ACTIVE_COMPILATION_CONDITIONS = DEBUG;
				SWIFT_OPTIMIZATION_LEVEL = "-Onone";
			};
			name = Debug;
		};
		4466D7461F68D8B8006F470E /* Release */ = {
			isa = XCBuildConfiguration;
			buildSettings = {
				ALWAYS_SEARCH_USER_PATHS = NO;
				CLANG_ANALYZER_NONNULL = YES;
				CLANG_ANALYZER_NUMBER_OBJECT_CONVERSION = YES_AGGRESSIVE;
				CLANG_CXX_LANGUAGE_STANDARD = "gnu++14";
				CLANG_CXX_LIBRARY = "libc++";
				CLANG_ENABLE_MODULES = YES;
				CLANG_ENABLE_OBJC_ARC = YES;
				CLANG_WARN_BLOCK_CAPTURE_AUTORELEASING = YES;
				CLANG_WARN_BOOL_CONVERSION = YES;
				CLANG_WARN_COMMA = YES;
				CLANG_WARN_CONSTANT_CONVERSION = YES;
				CLANG_WARN_DIRECT_OBJC_ISA_USAGE = YES_ERROR;
				CLANG_WARN_DOCUMENTATION_COMMENTS = YES;
				CLANG_WARN_EMPTY_BODY = YES;
				CLANG_WARN_ENUM_CONVERSION = YES;
				CLANG_WARN_INFINITE_RECURSION = YES;
				CLANG_WARN_INT_CONVERSION = YES;
				CLANG_WARN_NON_LITERAL_NULL_CONVERSION = YES;
				CLANG_WARN_OBJC_LITERAL_CONVERSION = YES;
				CLANG_WARN_OBJC_ROOT_CLASS = YES_ERROR;
				CLANG_WARN_RANGE_LOOP_ANALYSIS = YES;
				CLANG_WARN_STRICT_PROTOTYPES = YES;
				CLANG_WARN_SUSPICIOUS_MOVE = YES;
				CLANG_WARN_UNGUARDED_AVAILABILITY = YES_AGGRESSIVE;
				CLANG_WARN_UNREACHABLE_CODE = YES;
				CLANG_WARN__DUPLICATE_METHOD_MATCH = YES;
				CODE_SIGN_IDENTITY = "iPhone Developer";
				COPY_PHASE_STRIP = NO;
				DEBUG_INFORMATION_FORMAT = "dwarf-with-dsym";
				ENABLE_NS_ASSERTIONS = NO;
				ENABLE_STRICT_OBJC_MSGSEND = YES;
				GCC_C_LANGUAGE_STANDARD = gnu11;
				GCC_NO_COMMON_BLOCKS = YES;
				GCC_WARN_64_TO_32_BIT_CONVERSION = YES;
				GCC_WARN_ABOUT_RETURN_TYPE = YES_ERROR;
				GCC_WARN_UNDECLARED_SELECTOR = YES;
				GCC_WARN_UNINITIALIZED_AUTOS = YES_AGGRESSIVE;
				GCC_WARN_UNUSED_FUNCTION = YES;
				GCC_WARN_UNUSED_VARIABLE = YES;
				IPHONEOS_DEPLOYMENT_TARGET = 11.0;
				MTL_ENABLE_DEBUG_INFO = NO;
				SDKROOT = iphoneos;
				SWIFT_OPTIMIZATION_LEVEL = "-Owholemodule";
				VALIDATE_PRODUCT = YES;
			};
			name = Release;
		};
		4466D7481F68D8B8006F470E /* Debug */ = {
			isa = XCBuildConfiguration;
			buildSettings = {
				ASSETCATALOG_COMPILER_APPICON_NAME = AppIcon;
				CODE_SIGN_STYLE = Automatic;
				DEVELOPMENT_TEAM = CGS9W89AN4;
				INFOPLIST_FILE = iOSMeasurementConverter/Info.plist;
				LD_RUNPATH_SEARCH_PATHS = "$(inherited) @executable_path/Frameworks";
				PRODUCT_BUNDLE_IDENTIFIER = com.sbwzq8.iOSMeasurementConverter;
				PRODUCT_NAME = "$(TARGET_NAME)";
				SWIFT_VERSION = 4.0;
				TARGETED_DEVICE_FAMILY = "1,2";
			};
			name = Debug;
		};
		4466D7491F68D8B8006F470E /* Release */ = {
			isa = XCBuildConfiguration;
			buildSettings = {
				ASSETCATALOG_COMPILER_APPICON_NAME = AppIcon;
				CODE_SIGN_STYLE = Automatic;
				DEVELOPMENT_TEAM = CGS9W89AN4;
				INFOPLIST_FILE = iOSMeasurementConverter/Info.plist;
				LD_RUNPATH_SEARCH_PATHS = "$(inherited) @executable_path/Frameworks";
				PRODUCT_BUNDLE_IDENTIFIER = com.sbwzq8.iOSMeasurementConverter;
				PRODUCT_NAME = "$(TARGET_NAME)";
				SWIFT_VERSION = 4.0;
				TARGETED_DEVICE_FAMILY = "1,2";
			};
			name = Release;
		};
/* End XCBuildConfiguration section */

/* Begin XCConfigurationList section */
		4466D7301F68D8B8006F470E /* Build configuration list for PBXProject "iOSMeasurementConverter" */ = {
			isa = XCConfigurationList;
			buildConfigurations = (
				4466D7451F68D8B8006F470E /* Debug */,
				4466D7461F68D8B8006F470E /* Release */,
			);
			defaultConfigurationIsVisible = 0;
			defaultConfigurationName = Release;
		};
		4466D7471F68D8B8006F470E /* Build configuration list for PBXNativeTarget "iOSMeasurementConverter" */ = {
			isa = XCConfigurationList;
			buildConfigurations = (
				4466D7481F68D8B8006F470E /* Debug */,
				4466D7491F68D8B8006F470E /* Release */,
			);
			defaultConfigurationIsVisible = 0;
			defaultConfigurationName = Release;
		};
/* End XCConfigurationList section */
	};
	rootObject = 4466D72D1F68D8B8006F470E /* Project object */;
}
